// !$*UTF8*$!
{
	archiveVersion = 1;
	classes = {
	};
	objectVersion = 56;
	objects = {

/* Begin PBXBuildFile section */
		AF0FD7E778C9C5A59D1B469F /* Pods_DependencyInjectionVsDependencyInversion.framework in Frameworks */ = {isa = PBXBuildFile; fileRef = 1CE179380ED46DC4F78CA26C /* Pods_DependencyInjectionVsDependencyInversion.framework */; };
		EFDB7A902C6722350087A7B4 /* AppDelegate.swift in Sources */ = {isa = PBXBuildFile; fileRef = EFDB7A8F2C6722350087A7B4 /* AppDelegate.swift */; };
		EFDB7A922C6722350087A7B4 /* SceneDelegate.swift in Sources */ = {isa = PBXBuildFile; fileRef = EFDB7A912C6722350087A7B4 /* SceneDelegate.swift */; };
		EFDB7A942C6722350087A7B4 /* ViewController.swift in Sources */ = {isa = PBXBuildFile; fileRef = EFDB7A932C6722350087A7B4 /* ViewController.swift */; };
		EFDB7A972C6722350087A7B4 /* Main.storyboard in Resources */ = {isa = PBXBuildFile; fileRef = EFDB7A952C6722350087A7B4 /* Main.storyboard */; };
		EFDB7A992C6722380087A7B4 /* Assets.xcassets in Resources */ = {isa = PBXBuildFile; fileRef = EFDB7A982C6722380087A7B4 /* Assets.xcassets */; };
		EFDB7A9C2C6722380087A7B4 /* LaunchScreen.storyboard in Resources */ = {isa = PBXBuildFile; fileRef = EFDB7A9A2C6722380087A7B4 /* LaunchScreen.storyboard */; };
/* End PBXBuildFile section */

/* Begin PBXFileReference section */
		0AF7EE3545253242645DD013 /* Pods-DependencyInjectionVsDependencyInversion.release.xcconfig */ = {isa = PBXFileReference; includeInIndex = 1; lastKnownFileType = text.xcconfig; name = "Pods-DependencyInjectionVsDependencyInversion.release.xcconfig"; path = "Target Support Files/Pods-DependencyInjectionVsDependencyInversion/Pods-DependencyInjectionVsDependencyInversion.release.xcconfig"; sourceTree = "<group>"; };
		1CE179380ED46DC4F78CA26C /* Pods_DependencyInjectionVsDependencyInversion.framework */ = {isa = PBXFileReference; explicitFileType = wrapper.framework; includeInIndex = 0; path = Pods_DependencyInjectionVsDependencyInversion.framework; sourceTree = BUILT_PRODUCTS_DIR; };
		C9B2BF3CB9CFAB6801FF55DC /* Pods-DependencyInjectionVsDependencyInversion.debug.xcconfig */ = {isa = PBXFileReference; includeInIndex = 1; lastKnownFileType = text.xcconfig; name = "Pods-DependencyInjectionVsDependencyInversion.debug.xcconfig"; path = "Target Support Files/Pods-DependencyInjectionVsDependencyInversion/Pods-DependencyInjectionVsDependencyInversion.debug.xcconfig"; sourceTree = "<group>"; };
		EFDB7A8C2C6722350087A7B4 /* DependencyInjectionVsDependencyInversion.app */ = {isa = PBXFileReference; explicitFileType = wrapper.application; includeInIndex = 0; path = DependencyInjectionVsDependencyInversion.app; sourceTree = BUILT_PRODUCTS_DIR; };
		EFDB7A8F2C6722350087A7B4 /* AppDelegate.swift */ = {isa = PBXFileReference; lastKnownFileType = sourcecode.swift; path = AppDelegate.swift; sourceTree = "<group>"; };
		EFDB7A912C6722350087A7B4 /* SceneDelegate.swift */ = {isa = PBXFileReference; lastKnownFileType = sourcecode.swift; path = SceneDelegate.swift; sourceTree = "<group>"; };
		EFDB7A932C6722350087A7B4 /* ViewController.swift */ = {isa = PBXFileReference; lastKnownFileType = sourcecode.swift; path = ViewController.swift; sourceTree = "<group>"; };
		EFDB7A962C6722350087A7B4 /* Base */ = {isa = PBXFileReference; lastKnownFileType = file.storyboard; name = Base; path = Base.lproj/Main.storyboard; sourceTree = "<group>"; };
		EFDB7A982C6722380087A7B4 /* Assets.xcassets */ = {isa = PBXFileReference; lastKnownFileType = folder.assetcatalog; path = Assets.xcassets; sourceTree = "<group>"; };
		EFDB7A9B2C6722380087A7B4 /* Base */ = {isa = PBXFileReference; lastKnownFileType = file.storyboard; name = Base; path = Base.lproj/LaunchScreen.storyboard; sourceTree = "<group>"; };
		EFDB7A9D2C6722380087A7B4 /* Info.plist */ = {isa = PBXFileReference; lastKnownFileType = text.plist.xml; path = Info.plist; sourceTree = "<group>"; };
/* End PBXFileReference section */

/* Begin PBXFrameworksBuildPhase section */
		EFDB7A892C6722350087A7B4 /* Frameworks */ = {
			isa = PBXFrameworksBuildPhase;
			buildActionMask = 2147483647;
			files = (
				AF0FD7E778C9C5A59D1B469F /* Pods_DependencyInjectionVsDependencyInversion.framework in Frameworks */,
			);
			runOnlyForDeploymentPostprocessing = 0;
		};
/* End PBXFrameworksBuildPhase section */

/* Begin PBXGroup section */
		1AC9CA9DE906AAA6C5DE6EB6 /* Pods */ = {
			isa = PBXGroup;
			children = (
				C9B2BF3CB9CFAB6801FF55DC /* Pods-DependencyInjectionVsDependencyInversion.debug.xcconfig */,
				0AF7EE3545253242645DD013 /* Pods-DependencyInjectionVsDependencyInversion.release.xcconfig */,
			);
			name = Pods;
			path = Pods;
			sourceTree = "<group>";
		};
		E11152CB38B01DA4D69F09F5 /* Frameworks */ = {
			isa = PBXGroup;
			children = (
				1CE179380ED46DC4F78CA26C /* Pods_DependencyInjectionVsDependencyInversion.framework */,
			);
			name = Frameworks;
			sourceTree = "<group>";
		};
		EFDB7A832C6722350087A7B4 = {
			isa = PBXGroup;
			children = (
				EFDB7A8E2C6722350087A7B4 /* DependencyInjectionVsDependencyInversion */,
				EFDB7A8D2C6722350087A7B4 /* Products */,
				1AC9CA9DE906AAA6C5DE6EB6 /* Pods */,
				E11152CB38B01DA4D69F09F5 /* Frameworks */,
			);
			sourceTree = "<group>";
		};
		EFDB7A8D2C6722350087A7B4 /* Products */ = {
			isa = PBXGroup;
			children = (
				EFDB7A8C2C6722350087A7B4 /* DependencyInjectionVsDependencyInversion.app */,
			);
			name = Products;
			sourceTree = "<group>";
		};
		EFDB7A8E2C6722350087A7B4 /* DependencyInjectionVsDependencyInversion */ = {
			isa = PBXGroup;
			children = (
				EFDB7A8F2C6722350087A7B4 /* AppDelegate.swift */,
				EFDB7A912C6722350087A7B4 /* SceneDelegate.swift */,
				EFDB7A932C6722350087A7B4 /* ViewController.swift */,
				EFDB7A952C6722350087A7B4 /* Main.storyboard */,
				EFDB7A982C6722380087A7B4 /* Assets.xcassets */,
				EFDB7A9A2C6722380087A7B4 /* LaunchScreen.storyboard */,
				EFDB7A9D2C6722380087A7B4 /* Info.plist */,
			);
			path = DependencyInjectionVsDependencyInversion;
			sourceTree = "<group>";
		};
/* End PBXGroup section */

/* Begin PBXNativeTarget section */
		EFDB7A8B2C6722350087A7B4 /* DependencyInjectionVsDependencyInversion */ = {
			isa = PBXNativeTarget;
			buildConfigurationList = EFDB7AA02C6722380087A7B4 /* Build configuration list for PBXNativeTarget "DependencyInjectionVsDependencyInversion" */;
			buildPhases = (
				EBB85B0A633C043A2D7B3B7A /* [CP] Check Pods Manifest.lock */,
				EFDB7A882C6722350087A7B4 /* Sources */,
				EFDB7A892C6722350087A7B4 /* Frameworks */,
				EFDB7A8A2C6722350087A7B4 /* Resources */,
			);
			buildRules = (
			);
			dependencies = (
			);
			name = DependencyInjectionVsDependencyInversion;
			productName = DependencyInjectionVsDependencyInversion;
			productReference = EFDB7A8C2C6722350087A7B4 /* DependencyInjectionVsDependencyInversion.app */;
			productType = "com.apple.product-type.application";
		};
/* End PBXNativeTarget section */

/* Begin PBXProject section */
		EFDB7A842C6722350087A7B4 /* Project object */ = {
			isa = PBXProject;
			attributes = {
				BuildIndependentTargetsInParallel = 1;
				LastSwiftUpdateCheck = 1420;
				LastUpgradeCheck = 1420;
				TargetAttributes = {
					EFDB7A8B2C6722350087A7B4 = {
						CreatedOnToolsVersion = 14.2;
					};
				};
			};
			buildConfigurationList = EFDB7A872C6722350087A7B4 /* Build configuration list for PBXProject "DependencyInjectionVsDependencyInversion" */;
			compatibilityVersion = "Xcode 14.0";
			developmentRegion = en;
			hasScannedForEncodings = 0;
			knownRegions = (
				en,
				Base,
			);
			mainGroup = EFDB7A832C6722350087A7B4;
			productRefGroup = EFDB7A8D2C6722350087A7B4 /* Products */;
			projectDirPath = "";
			projectRoot = "";
			targets = (
				EFDB7A8B2C6722350087A7B4 /* DependencyInjectionVsDependencyInversion */,
			);
		};
/* End PBXProject section */

/* Begin PBXResourcesBuildPhase section */
		EFDB7A8A2C6722350087A7B4 /* Resources */ = {
			isa = PBXResourcesBuildPhase;
			buildActionMask = 2147483647;
			files = (
				EFDB7A9C2C6722380087A7B4 /* LaunchScreen.storyboard in Resources */,
				EFDB7A992C6722380087A7B4 /* Assets.xcassets in Resources */,
				EFDB7A972C6722350087A7B4 /* Main.storyboard in Resources */,
			);
			runOnlyForDeploymentPostprocessing = 0;
		};
/* End PBXResourcesBuildPhase section */

/* Begin PBXShellScriptBuildPhase section */
		EBB85B0A633C043A2D7B3B7A /* [CP] Check Pods Manifest.lock */ = {
			isa = PBXShellScriptBuildPhase;
			buildActionMask = 2147483647;
			files = (
			);
			inputFileListPaths = (
			);
			inputPaths = (
				"${PODS_PODFILE_DIR_PATH}/Podfile.lock",
				"${PODS_ROOT}/Manifest.lock",
			);
			name = "[CP] Check Pods Manifest.lock";
			outputFileListPaths = (
			);
			outputPaths = (
				"$(DERIVED_FILE_DIR)/Pods-DependencyInjectionVsDependencyInversion-checkManifestLockResult.txt",
			);
			runOnlyForDeploymentPostprocessing = 0;
			shellPath = /bin/sh;
			shellScript = "diff \"${PODS_PODFILE_DIR_PATH}/Podfile.lock\" \"${PODS_ROOT}/Manifest.lock\" > /dev/null\nif [ $? != 0 ] ; then\n    # print error to STDERR\n    echo \"error: The sandbox is not in sync with the Podfile.lock. Run 'pod install' or update your CocoaPods installation.\" >&2\n    exit 1\nfi\n# This output is used by Xcode 'outputs' to avoid re-running this script phase.\necho \"SUCCESS\" > \"${SCRIPT_OUTPUT_FILE_0}\"\n";
			showEnvVarsInLog = 0;
		};
/* End PBXShellScriptBuildPhase section */

/* Begin PBXSourcesBuildPhase section */
		EFDB7A882C6722350087A7B4 /* Sources */ = {
			isa = PBXSourcesBuildPhase;
			buildActionMask = 2147483647;
			files = (
				EFDB7A942C6722350087A7B4 /* ViewController.swift in Sources */,
				EFDB7A902C6722350087A7B4 /* AppDelegate.swift in Sources */,
				EFDB7A922C6722350087A7B4 /* SceneDelegate.swift in Sources */,
			);
			runOnlyForDeploymentPostprocessing = 0;
		};
/* End PBXSourcesBuildPhase section */

/* Begin PBXVariantGroup section */
		EFDB7A952C6722350087A7B4 /* Main.storyboard */ = {
			isa = PBXVariantGroup;
			children = (
				EFDB7A962C6722350087A7B4 /* Base */,
			);
			name = Main.storyboard;
			sourceTree = "<group>";
		};
		EFDB7A9A2C6722380087A7B4 /* LaunchScreen.storyboard */ = {
			isa = PBXVariantGroup;
			children = (
				EFDB7A9B2C6722380087A7B4 /* Base */,
			);
			name = LaunchScreen.storyboard;
			sourceTree = "<group>";
		};
/* End PBXVariantGroup section */

/* Begin XCBuildConfiguration section */
		EFDB7A9E2C6722380087A7B4 /* Debug */ = {
			isa = XCBuildConfiguration;
			buildSettings = {
				ALWAYS_SEARCH_USER_PATHS = NO;
				CLANG_ANALYZER_NONNULL = YES;
				CLANG_ANALYZER_NUMBER_OBJECT_CONVERSION = YES_AGGRESSIVE;
				CLANG_CXX_LANGUAGE_STANDARD = "gnu++20";
				CLANG_ENABLE_MODULES = YES;
				CLANG_ENABLE_OBJC_ARC = YES;
				CLANG_ENABLE_OBJC_WEAK = YES;
				CLANG_WARN_BLOCK_CAPTURE_AUTORELEASING = YES;
				CLANG_WARN_BOOL_CONVERSION = YES;
				CLANG_WARN_COMMA = YES;
				CLANG_WARN_CONSTANT_CONVERSION = YES;
				CLANG_WARN_DEPRECATED_OBJC_IMPLEMENTATIONS = YES;
				CLANG_WARN_DIRECT_OBJC_ISA_USAGE = YES_ERROR;
				CLANG_WARN_DOCUMENTATION_COMMENTS = YES;
				CLANG_WARN_EMPTY_BODY = YES;
				CLANG_WARN_ENUM_CONVERSION = YES;
				CLANG_WARN_INFINITE_RECURSION = YES;
				CLANG_WARN_INT_CONVERSION = YES;
				CLANG_WARN_NON_LITERAL_NULL_CONVERSION = YES;
				CLANG_WARN_OBJC_IMPLICIT_RETAIN_SELF = YES;
				CLANG_WARN_OBJC_LITERAL_CONVERSION = YES;
				CLANG_WARN_OBJC_ROOT_CLASS = YES_ERROR;
				CLANG_WARN_QUOTED_INCLUDE_IN_FRAMEWORK_HEADER = YES;
				CLANG_WARN_RANGE_LOOP_ANALYSIS = YES;
				CLANG_WARN_STRICT_PROTOTYPES = YES;
				CLANG_WARN_SUSPICIOUS_MOVE = YES;
				CLANG_WARN_UNGUARDED_AVAILABILITY = YES_AGGRESSIVE;
				CLANG_WARN_UNREACHABLE_CODE = YES;
				CLANG_WARN__DUPLICATE_METHOD_MATCH = YES;
				COPY_PHASE_STRIP = NO;
				DEBUG_INFORMATION_FORMAT = dwarf;
				ENABLE_STRICT_OBJC_MSGSEND = YES;
				ENABLE_TESTABILITY = YES;
				GCC_C_LANGUAGE_STANDARD = gnu11;
				GCC_DYNAMIC_NO_PIC = NO;
				GCC_NO_COMMON_BLOCKS = YES;
				GCC_OPTIMIZATION_LEVEL = 0;
				GCC_PREPROCESSOR_DEFINITIONS = (
					"DEBUG=1",
					"$(inherited)",
				);
				GCC_WARN_64_TO_32_BIT_CONVERSION = YES;
				GCC_WARN_ABOUT_RETURN_TYPE = YES_ERROR;
				GCC_WARN_UNDECLARED_SELECTOR = YES;
				GCC_WARN_UNINITIALIZED_AUTOS = YES_AGGRESSIVE;
				GCC_WARN_UNUSED_FUNCTION = YES;
				GCC_WARN_UNUSED_VARIABLE = YES;
				IPHONEOS_DEPLOYMENT_TARGET = 16.2;
				MTL_ENABLE_DEBUG_INFO = INCLUDE_SOURCE;
				MTL_FAST_MATH = YES;
				ONLY_ACTIVE_ARCH = YES;
				SDKROOT = iphoneos;
				SWIFT_ACTIVE_COMPILATION_CONDITIONS = DEBUG;
				SWIFT_OPTIMIZATION_LEVEL = "-Onone";
			};
			name = Debug;
		};
		EFDB7A9F2C6722380087A7B4 /* Release */ = {
			isa = XCBuildConfiguration;
			buildSettings = {
				ALWAYS_SEARCH_USER_PATHS = NO;
				CLANG_ANALYZER_NONNULL = YES;
				CLANG_ANALYZER_NUMBER_OBJECT_CONVERSION = YES_AGGRESSIVE;
				CLANG_CXX_LANGUAGE_STANDARD = "gnu++20";
				CLANG_ENABLE_MODULES = YES;
				CLANG_ENABLE_OBJC_ARC = YES;
				CLANG_ENABLE_OBJC_WEAK = YES;
				CLANG_WARN_BLOCK_CAPTURE_AUTORELEASING = YES;
				CLANG_WARN_BOOL_CONVERSION = YES;
				CLANG_WARN_COMMA = YES;
				CLANG_WARN_CONSTANT_CONVERSION = YES;
				CLANG_WARN_DEPRECATED_OBJC_IMPLEMENTATIONS = YES;
				CLANG_WARN_DIRECT_OBJC_ISA_USAGE = YES_ERROR;
				CLANG_WARN_DOCUMENTATION_COMMENTS = YES;
				CLANG_WARN_EMPTY_BODY = YES;
				CLANG_WARN_ENUM_CONVERSION = YES;
				CLANG_WARN_INFINITE_RECURSION = YES;
				CLANG_WARN_INT_CONVERSION = YES;
				CLANG_WARN_NON_LITERAL_NULL_CONVERSION = YES;
				CLANG_WARN_OBJC_IMPLICIT_RETAIN_SELF = YES;
				CLANG_WARN_OBJC_LITERAL_CONVERSION = YES;
				CLANG_WARN_OBJC_ROOT_CLASS = YES_ERROR;
				CLANG_WARN_QUOTED_INCLUDE_IN_FRAMEWORK_HEADER = YES;
				CLANG_WARN_RANGE_LOOP_ANALYSIS = YES;
				CLANG_WARN_STRICT_PROTOTYPES = YES;
				CLANG_WARN_SUSPICIOUS_MOVE = YES;
				CLANG_WARN_UNGUARDED_AVAILABILITY = YES_AGGRESSIVE;
				CLANG_WARN_UNREACHABLE_CODE = YES;
				CLANG_WARN__DUPLICATE_METHOD_MATCH = YES;
				COPY_PHASE_STRIP = NO;
				DEBUG_INFORMATION_FORMAT = "dwarf-with-dsym";
				ENABLE_NS_ASSERTIONS = NO;
				ENABLE_STRICT_OBJC_MSGSEND = YES;
				GCC_C_LANGUAGE_STANDARD = gnu11;
				GCC_NO_COMMON_BLOCKS = YES;
				GCC_WARN_64_TO_32_BIT_CONVERSION = YES;
				GCC_WARN_ABOUT_RETURN_TYPE = YES_ERROR;
				GCC_WARN_UNDECLARED_SELECTOR = YES;
				GCC_WARN_UNINITIALIZED_AUTOS = YES_AGGRESSIVE;
				GCC_WARN_UNUSED_FUNCTION = YES;
				GCC_WARN_UNUSED_VARIABLE = YES;
				IPHONEOS_DEPLOYMENT_TARGET = 16.2;
				MTL_ENABLE_DEBUG_INFO = NO;
				MTL_FAST_MATH = YES;
				SDKROOT = iphoneos;
				SWIFT_COMPILATION_MODE = wholemodule;
				SWIFT_OPTIMIZATION_LEVEL = "-O";
				VALIDATE_PRODUCT = YES;
			};
			name = Release;
		};
		EFDB7AA12C6722380087A7B4 /* Debug */ = {
			isa = XCBuildConfiguration;
			baseConfigurationReference = C9B2BF3CB9CFAB6801FF55DC /* Pods-DependencyInjectionVsDependencyInversion.debug.xcconfig */;
			buildSettings = {
				ASSETCATALOG_COMPILER_APPICON_NAME = AppIcon;
				ASSETCATALOG_COMPILER_GLOBAL_ACCENT_COLOR_NAME = AccentColor;
				CODE_SIGN_STYLE = Automatic;
				CURRENT_PROJECT_VERSION = 1;
				GENERATE_INFOPLIST_FILE = YES;
				INFOPLIST_FILE = DependencyInjectionVsDependencyInversion/Info.plist;
				INFOPLIST_KEY_UIApplicationSupportsIndirectInputEvents = YES;
				INFOPLIST_KEY_UILaunchStoryboardName = LaunchScreen;
				INFOPLIST_KEY_UIMainStoryboardFile = Main;
				INFOPLIST_KEY_UISupportedInterfaceOrientations_iPad = "UIInterfaceOrientationPortrait UIInterfaceOrientationPortraitUpsideDown UIInterfaceOrientationLandscapeLeft UIInterfaceOrientationLandscapeRight";
				INFOPLIST_KEY_UISupportedInterfaceOrientations_iPhone = "UIInterfaceOrientationPortrait UIInterfaceOrientationLandscapeLeft UIInterfaceOrientationLandscapeRight";
				LD_RUNPATH_SEARCH_PATHS = (
					"$(inherited)",
					"@executable_path/Frameworks",
				);
				MARKETING_VERSION = 1.0;
				PRODUCT_BUNDLE_IDENTIFIER = com.hts.DependencyInjectionVsDependencyInversion;
				PRODUCT_NAME = "$(TARGET_NAME)";
				SWIFT_EMIT_LOC_STRINGS = YES;
				SWIFT_VERSION = 5.0;
				TARGETED_DEVICE_FAMILY = "1,2";
			};
			name = Debug;
		};
		EFDB7AA22C6722380087A7B4 /* Release */ = {
			isa = XCBuildConfiguration;
			baseConfigurationReference = 0AF7EE3545253242645DD013 /* Pods-DependencyInjectionVsDependencyInversion.release.xcconfig */;
			buildSettings = {
				ASSETCATALOG_COMPILER_APPICON_NAME = AppIcon;
				ASSETCATALOG_COMPILER_GLOBAL_ACCENT_COLOR_NAME = AccentColor;
				CODE_SIGN_STYLE = Automatic;
				CURRENT_PROJECT_VERSION = 1;
				GENERATE_INFOPLIST_FILE = YES;
				INFOPLIST_FILE = DependencyInjectionVsDependencyInversion/Info.plist;
				INFOPLIST_KEY_UIApplicationSupportsIndirectInputEvents = YES;
				INFOPLIST_KEY_UILaunchStoryboardName = LaunchScreen;
				INFOPLIST_KEY_UIMainStoryboardFile = Main;
				INFOPLIST_KEY_UISupportedInterfaceOrientations_iPad = "UIInterfaceOrientationPortrait UIInterfaceOrientationPortraitUpsideDown UIInterfaceOrientationLandscapeLeft UIInterfaceOrientationLandscapeRight";
				INFOPLIST_KEY_UISupportedInterfaceOrientations_iPhone = "UIInterfaceOrientationPortrait UIInterfaceOrientationLandscapeLeft UIInterfaceOrientationLandscapeRight";
				LD_RUNPATH_SEARCH_PATHS = (
					"$(inherited)",
					"@executable_path/Frameworks",
				);
				MARKETING_VERSION = 1.0;
				PRODUCT_BUNDLE_IDENTIFIER = com.hts.DependencyInjectionVsDependencyInversion;
				PRODUCT_NAME = "$(TARGET_NAME)";
				SWIFT_EMIT_LOC_STRINGS = YES;
				SWIFT_VERSION = 5.0;
				TARGETED_DEVICE_FAMILY = "1,2";
			};
			name = Release;
		};
/* End XCBuildConfiguration section */

/* Begin XCConfigurationList section */
		EFDB7A872C6722350087A7B4 /* Build configuration list for PBXProject "DependencyInjectionVsDependencyInversion" */ = {
			isa = XCConfigurationList;
			buildConfigurations = (
				EFDB7A9E2C6722380087A7B4 /* Debug */,
				EFDB7A9F2C6722380087A7B4 /* Release */,
			);
			defaultConfigurationIsVisible = 0;
			defaultConfigurationName = Release;
		};
		EFDB7AA02C6722380087A7B4 /* Build configuration list for PBXNativeTarget "DependencyInjectionVsDependencyInversion" */ = {
			isa = XCConfigurationList;
			buildConfigurations = (
				EFDB7AA12C6722380087A7B4 /* Debug */,
				EFDB7AA22C6722380087A7B4 /* Release */,
			);
			defaultConfigurationIsVisible = 0;
			defaultConfigurationName = Release;
		};
/* End XCConfigurationList section */
	};
	rootObject = EFDB7A842C6722350087A7B4 /* Project object */;
}
